
Microsoft Visual Studio Solution File, Format Version 12.00
Project("{FAE04EC0-301F-11D3-BF4B-00C04F79EFBC}") = "iSukces.DrawingPanel.Interfaces", "iSukces.DrawingPanel.Interfaces\iSukces.DrawingPanel.Interfaces.csproj", "{B68B64E1-8EC6-449F-B6C0-E0588D69FC31}"
EndProject
Project("{FAE04EC0-301F-11D3-BF4B-00C04F79EFBC}") = "iSukces.DrawingPanel", "iSukces.DrawingPanel\iSukces.DrawingPanel.csproj", "{0B3D872A-56AC-4AED-BF09-B7B480D74AEA}"
EndProject
Project("{FAE04EC0-301F-11D3-BF4B-00C04F79EFBC}") = "iSukces.DrawingPanel.Paths", "iSukces.DrawingPanel.Paths\iSukces.DrawingPanel.Paths.csproj", "{8ABED208-1D5C-4944-9735-942981ABC94E}"
EndProject
Project("{FAE04EC0-301F-11D3-BF4B-00C04F79EFBC}") = "iSukces.DrawingPanel.Paths.Test", "iSukces.DrawingPanel.Paths.Test\iSukces.DrawingPanel.Paths.Test.csproj", "{F4807205-D0D4-46CD-85E7-D43B7A04A20B}"
EndProject
Project("{2150E333-8FDC-42A3-9474-1A3956D46DE8}") = "Samples", "Samples", "{AB3F9EE7-6C43-4D6A-8401-03BD90EB63D0}"
EndProject
Project("{FAE04EC0-301F-11D3-BF4B-00C04F79EFBC}") = "Sample.Paths", "Sample.Paths\Sample.Paths.csproj", "{B9826AFD-CE62-4FE4-B7A7-4DDD7079372C}"
EndProject
Project("{FAE04EC0-301F-11D3-BF4B-00C04F79EFBC}") = "iSukces.DrawingPanel.Benchmark", "iSukces.DrawingPanel.Benchmark\iSukces.DrawingPanel.Benchmark.csproj", "{06BFF09A-904F-4454-932B-D2B6AA07B786}"
EndProject
Project("{2150E333-8FDC-42A3-9474-1A3956D46DE8}") = "libs", "libs", "{75EA98FD-E4AD-4BB9-B2C3-949A1B5E0448}"
EndProject
Project("{2150E333-8FDC-42A3-9474-1A3956D46DE8}") = "apps", "apps", "{A4E2BA92-DEAD-45C4-A0A0-A02BF90A29E0}"
EndProject
Global
	GlobalSection(SolutionConfigurationPlatforms) = preSolution
		Debug|Any CPU = Debug|Any CPU
		Release|Any CPU = Release|Any CPU
	EndGlobalSection
	GlobalSection(ProjectConfigurationPlatforms) = postSolution
		{B68B64E1-8EC6-449F-B6C0-E0588D69FC31}.Debug|Any CPU.ActiveCfg = Debug|Any CPU
		{B68B64E1-8EC6-449F-B6C0-E0588D69FC31}.Debug|Any CPU.Build.0 = Debug|Any CPU
		{B68B64E1-8EC6-449F-B6C0-E0588D69FC31}.Release|Any CPU.ActiveCfg = Release|Any CPU
		{B68B64E1-8EC6-449F-B6C0-E0588D69FC31}.Release|Any CPU.Build.0 = Release|Any CPU
		{0B3D872A-56AC-4AED-BF09-B7B480D74AEA}.Debug|Any CPU.ActiveCfg = Debug|Any CPU
		{0B3D872A-56AC-4AED-BF09-B7B480D74AEA}.Debug|Any CPU.Build.0 = Debug|Any CPU
		{0B3D872A-56AC-4AED-BF09-B7B480D74AEA}.Release|Any CPU.ActiveCfg = Release|Any CPU
		{0B3D872A-56AC-4AED-BF09-B7B480D74AEA}.Release|Any CPU.Build.0 = Release|Any CPU
		{8ABED208-1D5C-4944-9735-942981ABC94E}.Debug|Any CPU.ActiveCfg = Debug|Any CPU
		{8ABED208-1D5C-4944-9735-942981ABC94E}.Debug|Any CPU.Build.0 = Debug|Any CPU
		{8ABED208-1D5C-4944-9735-942981ABC94E}.Release|Any CPU.ActiveCfg = Release|Any CPU
		{8ABED208-1D5C-4944-9735-942981ABC94E}.Release|Any CPU.Build.0 = Release|Any CPU
		{F4807205-D0D4-46CD-85E7-D43B7A04A20B}.Debug|Any CPU.ActiveCfg = Debug|Any CPU
		{F4807205-D0D4-46CD-85E7-D43B7A04A20B}.Debug|Any CPU.Build.0 = Debug|Any CPU
		{F4807205-D0D4-46CD-85E7-D43B7A04A20B}.Release|Any CPU.ActiveCfg = Release|Any CPU
		{F4807205-D0D4-46CD-85E7-D43B7A04A20B}.Release|Any CPU.Build.0 = Release|Any CPU
		{B9826AFD-CE62-4FE4-B7A7-4DDD7079372C}.Debug|Any CPU.ActiveCfg = Debug|Any CPU
		{B9826AFD-CE62-4FE4-B7A7-4DDD7079372C}.Debug|Any CPU.Build.0 = Debug|Any CPU
		{B9826AFD-CE62-4FE4-B7A7-4DDD7079372C}.Release|Any CPU.ActiveCfg = Release|Any CPU
		{B9826AFD-CE62-4FE4-B7A7-4DDD7079372C}.Release|Any CPU.Build.0 = Release|Any CPU
		{06BFF09A-904F-4454-932B-D2B6AA07B786}.Debug|Any CPU.ActiveCfg = Debug|Any CPU
		{06BFF09A-904F-4454-932B-D2B6AA07B786}.Debug|Any CPU.Build.0 = Debug|Any CPU
		{06BFF09A-904F-4454-932B-D2B6AA07B786}.Release|Any CPU.ActiveCfg = Release|Any CPU
		{06BFF09A-904F-4454-932B-D2B6AA07B786}.Release|Any CPU.Build.0 = Release|Any CPU
	EndGlobalSection
	GlobalSection(NestedProjects) = preSolution
		{B9826AFD-CE62-4FE4-B7A7-4DDD7079372C} = {AB3F9EE7-6C43-4D6A-8401-03BD90EB63D0}
		{B68B64E1-8EC6-449F-B6C0-E0588D69FC31} = {75EA98FD-E4AD-4BB9-B2C3-949A1B5E0448}
		{06BFF09A-904F-4454-932B-D2B6AA07B786} = {A4E2BA92-DEAD-45C4-A0A0-A02BF90A29E0}
		{F4807205-D0D4-46CD-85E7-D43B7A04A20B} = {A4E2BA92-DEAD-45C4-A0A0-A02BF90A29E0}
		{0B3D872A-56AC-4AED-BF09-B7B480D74AEA} = {75EA98FD-E4AD-4BB9-B2C3-949A1B5E0448}
	EndGlobalSection
EndGlobal
